
Microsoft Visual Studio Solution File, Format Version 12.00
# Visual Studio Version 16
VisualStudioVersion = 16.0.28917.181
MinimumVisualStudioVersion = 10.0.40219.1
Project("{FAE04EC0-301F-11D3-BF4B-00C04F79EFBC}") = "Hospital.BusinessLogic", "Hospital.BusinessLogic\Hospital.BusinessLogic.csproj", "{CECC5634-CE33-449F-8EE5-78423DE001E4}"
EndProject
Project("{FAE04EC0-301F-11D3-BF4B-00C04F79EFBC}") = "Hospital.WEB.Tests", "Hospital.WEB.Tests\Hospital.WEB.Tests.csproj", "{2E90F27D-7C65-4BCB-A40A-6DD83AE99232}"
EndProject
Project("{FAE04EC0-301F-11D3-BF4B-00C04F79EFBC}") = "Hospital.DAL", "Hospital.DAL\Hospital.DAL.csproj", "{73842AE3-B4C8-477E-927A-7024E0694A5A}"
EndProject
Project("{FAE04EC0-301F-11D3-BF4B-00C04F79EFBC}") = "Hospital.Web", "Hospital.Web\Hospital.Web.csproj", "{2EBDFA86-3AE9-4D22-8D87-D9FA7961AFC6}"
EndProject
Global
	GlobalSection(SolutionConfigurationPlatforms) = preSolution
		Debug|Any CPU = Debug|Any CPU
		Release|Any CPU = Release|Any CPU
	EndGlobalSection
	GlobalSection(ProjectConfigurationPlatforms) = postSolution
		{CECC5634-CE33-449F-8EE5-78423DE001E4}.Debug|Any CPU.ActiveCfg = Debug|Any CPU
		{CECC5634-CE33-449F-8EE5-78423DE001E4}.Debug|Any CPU.Build.0 = Debug|Any CPU
		{CECC5634-CE33-449F-8EE5-78423DE001E4}.Release|Any CPU.ActiveCfg = Release|Any CPU
		{CECC5634-CE33-449F-8EE5-78423DE001E4}.Release|Any CPU.Build.0 = Release|Any CPU
		{2E90F27D-7C65-4BCB-A40A-6DD83AE99232}.Debug|Any CPU.ActiveCfg = Debug|Any CPU
		{2E90F27D-7C65-4BCB-A40A-6DD83AE99232}.Debug|Any CPU.Build.0 = Debug|Any CPU
		{2E90F27D-7C65-4BCB-A40A-6DD83AE99232}.Release|Any CPU.ActiveCfg = Release|Any CPU
		{2E90F27D-7C65-4BCB-A40A-6DD83AE99232}.Release|Any CPU.Build.0 = Release|Any CPU
		{73842AE3-B4C8-477E-927A-7024E0694A5A}.Debug|Any CPU.ActiveCfg = Debug|Any CPU
		{73842AE3-B4C8-477E-927A-7024E0694A5A}.Debug|Any CPU.Build.0 = Debug|Any CPU
		{73842AE3-B4C8-477E-927A-7024E0694A5A}.Release|Any CPU.ActiveCfg = Release|Any CPU
		{73842AE3-B4C8-477E-927A-7024E0694A5A}.Release|Any CPU.Build.0 = Release|Any CPU
		{2EBDFA86-3AE9-4D22-8D87-D9FA7961AFC6}.Debug|Any CPU.ActiveCfg = Debug|Any CPU
		{2EBDFA86-3AE9-4D22-8D87-D9FA7961AFC6}.Debug|Any CPU.Build.0 = Debug|Any CPU
		{2EBDFA86-3AE9-4D22-8D87-D9FA7961AFC6}.Release|Any CPU.ActiveCfg = Release|Any CPU
		{2EBDFA86-3AE9-4D22-8D87-D9FA7961AFC6}.Release|Any CPU.Build.0 = Release|Any CPU
	EndGlobalSection
	GlobalSection(SolutionProperties) = preSolution
		HideSolutionNode = FALSE
	EndGlobalSection
	GlobalSection(ExtensibilityGlobals) = postSolution
		SolutionGuid = {260B88DF-F612-4A69-B557-353A2900925F}
	EndGlobalSection
EndGlobal
